// !$*UTF8*$!
{
	archiveVersion = 1;
	classes = {
	};
	objectVersion = 50;
	objects = {

/* Begin PBXBuildFile section */
		631765C4227B510000F98D41 /* AppDelegate.swift in Sources */ = {isa = PBXBuildFile; fileRef = 631765C3227B510000F98D41 /* AppDelegate.swift */; };
		631765C9227B510000F98D41 /* Main.storyboard in Resources */ = {isa = PBXBuildFile; fileRef = 631765C7227B510000F98D41 /* Main.storyboard */; };
		631765CB227B510100F98D41 /* Assets.xcassets in Resources */ = {isa = PBXBuildFile; fileRef = 631765CA227B510100F98D41 /* Assets.xcassets */; };
		631765CE227B510100F98D41 /* LaunchScreen.storyboard in Resources */ = {isa = PBXBuildFile; fileRef = 631765CC227B510100F98D41 /* LaunchScreen.storyboard */; };
		631765D6227B59AB00F98D41 /* MainViewController.swift in Sources */ = {isa = PBXBuildFile; fileRef = 631765D5227B59AB00F98D41 /* MainViewController.swift */; };
		631765D8227DD9BD00F98D41 /* CustomTableViewCell.swift in Sources */ = {isa = PBXBuildFile; fileRef = 631765D7227DD9BD00F98D41 /* CustomTableViewCell.swift */; };
		631765DA227DDD6A00F98D41 /* PlaceModel.swift in Sources */ = {isa = PBXBuildFile; fileRef = 631765D9227DDD6A00F98D41 /* PlaceModel.swift */; };
		631765DC227E01C600F98D41 /* NewPlaceViewController.swift in Sources */ = {isa = PBXBuildFile; fileRef = 631765DB227E01C600F98D41 /* NewPlaceViewController.swift */; };
		631765E1227E283B00F98D41 /* StorageManager.swift in Sources */ = {isa = PBXBuildFile; fileRef = 631765E0227E283B00F98D41 /* StorageManager.swift */; };
		631765E3227F34DE00F98D41 /* RatingControl.swift in Sources */ = {isa = PBXBuildFile; fileRef = 631765E2227F34DE00F98D41 /* RatingControl.swift */; };
		631765E9227F916A00F98D41 /* MapViewController.swift in Sources */ = {isa = PBXBuildFile; fileRef = 631765E8227F916A00F98D41 /* MapViewController.swift */; };
		631765EB22836B9B00F98D41 /* MapManager.swift in Sources */ = {isa = PBXBuildFile; fileRef = 631765EA22836B9A00F98D41 /* MapManager.swift */; };
		ECF7964DB8BB1E1EE42F7F9A /* Pods_MyPlaces.framework in Frameworks */ = {isa = PBXBuildFile; fileRef = BEC8D45F321BD6E19F1B461D /* Pods_MyPlaces.framework */; };
/* End PBXBuildFile section */

/* Begin PBXFileReference section */
		01D3D457C0083D62CB0E1421 /* Pods-MyPlaces.debug.xcconfig */ = {isa = PBXFileReference; includeInIndex = 1; lastKnownFileType = text.xcconfig; name = "Pods-MyPlaces.debug.xcconfig"; path = "Pods/Target Support Files/Pods-MyPlaces/Pods-MyPlaces.debug.xcconfig"; sourceTree = "<group>"; };
		631765C0227B510000F98D41 /* MyPlaces.app */ = {isa = PBXFileReference; explicitFileType = wrapper.application; includeInIndex = 0; path = MyPlaces.app; sourceTree = BUILT_PRODUCTS_DIR; };
		631765C3227B510000F98D41 /* AppDelegate.swift */ = {isa = PBXFileReference; lastKnownFileType = sourcecode.swift; path = AppDelegate.swift; sourceTree = "<group>"; };
		631765C8227B510000F98D41 /* Base */ = {isa = PBXFileReference; lastKnownFileType = file.storyboard; name = Base; path = Base.lproj/Main.storyboard; sourceTree = "<group>"; };
		631765CA227B510100F98D41 /* Assets.xcassets */ = {isa = PBXFileReference; lastKnownFileType = folder.assetcatalog; path = Assets.xcassets; sourceTree = "<group>"; };
		631765CD227B510100F98D41 /* Base */ = {isa = PBXFileReference; lastKnownFileType = file.storyboard; name = Base; path = Base.lproj/LaunchScreen.storyboard; sourceTree = "<group>"; };
		631765CF227B510100F98D41 /* Info.plist */ = {isa = PBXFileReference; lastKnownFileType = text.plist.xml; path = Info.plist; sourceTree = "<group>"; };
		631765D5227B59AB00F98D41 /* MainViewController.swift */ = {isa = PBXFileReference; lastKnownFileType = sourcecode.swift; path = MainViewController.swift; sourceTree = "<group>"; };
		631765D7227DD9BD00F98D41 /* CustomTableViewCell.swift */ = {isa = PBXFileReference; lastKnownFileType = sourcecode.swift; path = CustomTableViewCell.swift; sourceTree = "<group>"; };
		631765D9227DDD6A00F98D41 /* PlaceModel.swift */ = {isa = PBXFileReference; lastKnownFileType = sourcecode.swift; path = PlaceModel.swift; sourceTree = "<group>"; };
		631765DB227E01C600F98D41 /* NewPlaceViewController.swift */ = {isa = PBXFileReference; lastKnownFileType = sourcecode.swift; path = NewPlaceViewController.swift; sourceTree = "<group>"; };
		631765E0227E283B00F98D41 /* StorageManager.swift */ = {isa = PBXFileReference; lastKnownFileType = sourcecode.swift; path = StorageManager.swift; sourceTree = "<group>"; };
		631765E2227F34DE00F98D41 /* RatingControl.swift */ = {isa = PBXFileReference; lastKnownFileType = sourcecode.swift; path = RatingControl.swift; sourceTree = "<group>"; };
		631765E6227F80AB00F98D41 /* Cosmos */ = {isa = PBXFileReference; lastKnownFileType = folder; name = Cosmos; path = Pods/Cosmos; sourceTree = "<group>"; };
		631765E8227F916A00F98D41 /* MapViewController.swift */ = {isa = PBXFileReference; lastKnownFileType = sourcecode.swift; path = MapViewController.swift; sourceTree = "<group>"; };
		631765EA22836B9A00F98D41 /* MapManager.swift */ = {isa = PBXFileReference; lastKnownFileType = sourcecode.swift; path = MapManager.swift; sourceTree = "<group>"; };
		84ABBA9ECEB1C49821A9DFCA /* Pods-MyPlaces.release.xcconfig */ = {isa = PBXFileReference; includeInIndex = 1; lastKnownFileType = text.xcconfig; name = "Pods-MyPlaces.release.xcconfig"; path = "Pods/Target Support Files/Pods-MyPlaces/Pods-MyPlaces.release.xcconfig"; sourceTree = "<group>"; };
		BEC8D45F321BD6E19F1B461D /* Pods_MyPlaces.framework */ = {isa = PBXFileReference; explicitFileType = wrapper.framework; includeInIndex = 0; path = Pods_MyPlaces.framework; sourceTree = BUILT_PRODUCTS_DIR; };
/* End PBXFileReference section */

/* Begin PBXFrameworksBuildPhase section */
		631765BD227B510000F98D41 /* Frameworks */ = {
			isa = PBXFrameworksBuildPhase;
			buildActionMask = 2147483647;
			files = (
				ECF7964DB8BB1E1EE42F7F9A /* Pods_MyPlaces.framework in Frameworks */,
			);
			runOnlyForDeploymentPostprocessing = 0;
		};
/* End PBXFrameworksBuildPhase section */

/* Begin PBXGroup section */
		1F3FD01739EAC0B419CC508F /* Frameworks */ = {
			isa = PBXGroup;
			children = (
				631765E6227F80AB00F98D41 /* Cosmos */,
				BEC8D45F321BD6E19F1B461D /* Pods_MyPlaces.framework */,
			);
			name = Frameworks;
			sourceTree = "<group>";
		};
		4C415DE730DD7FB2CD8F5874 /* Pods */ = {
			isa = PBXGroup;
			children = (
				01D3D457C0083D62CB0E1421 /* Pods-MyPlaces.debug.xcconfig */,
				84ABBA9ECEB1C49821A9DFCA /* Pods-MyPlaces.release.xcconfig */,
			);
			name = Pods;
			sourceTree = "<group>";
		};
		631765B7227B510000F98D41 = {
			isa = PBXGroup;
			children = (
				631765C2227B510000F98D41 /* MyPlaces */,
				631765C1227B510000F98D41 /* Products */,
				4C415DE730DD7FB2CD8F5874 /* Pods */,
				1F3FD01739EAC0B419CC508F /* Frameworks */,
			);
			sourceTree = "<group>";
		};
		631765C1227B510000F98D41 /* Products */ = {
			isa = PBXGroup;
			children = (
				631765C0227B510000F98D41 /* MyPlaces.app */,
			);
			name = Products;
			sourceTree = "<group>";
		};
		631765C2227B510000F98D41 /* MyPlaces */ = {
			isa = PBXGroup;
			children = (
				631765EC2283816900F98D41 /* Helpers */,
				631765DD227E02BE00F98D41 /* Model */,
				631765DE227E02D800F98D41 /* View */,
				631765DF227E02F200F98D41 /* Controllers */,
				631765CA227B510100F98D41 /* Assets.xcassets */,
				631765C3227B510000F98D41 /* AppDelegate.swift */,
				631765CC227B510100F98D41 /* LaunchScreen.storyboard */,
				631765CF227B510100F98D41 /* Info.plist */,
			);
			path = MyPlaces;
			sourceTree = "<group>";
		};
		631765DD227E02BE00F98D41 /* Model */ = {
			isa = PBXGroup;
			children = (
				631765D9227DDD6A00F98D41 /* PlaceModel.swift */,
			);
			path = Model;
			sourceTree = "<group>";
		};
		631765DE227E02D800F98D41 /* View */ = {
			isa = PBXGroup;
			children = (
				631765D7227DD9BD00F98D41 /* CustomTableViewCell.swift */,
				631765E2227F34DE00F98D41 /* RatingControl.swift */,
				631765C7227B510000F98D41 /* Main.storyboard */,
			);
			path = View;
			sourceTree = "<group>";
		};
		631765DF227E02F200F98D41 /* Controllers */ = {
			isa = PBXGroup;
			children = (
				631765D5227B59AB00F98D41 /* MainViewController.swift */,
				631765DB227E01C600F98D41 /* NewPlaceViewController.swift */,
				631765E8227F916A00F98D41 /* MapViewController.swift */,
			);
			path = Controllers;
			sourceTree = "<group>";
		};
		631765EC2283816900F98D41 /* Helpers */ = {
			isa = PBXGroup;
			children = (
				631765E0227E283B00F98D41 /* StorageManager.swift */,
				631765EA22836B9A00F98D41 /* MapManager.swift */,
			);
			path = Helpers;
			sourceTree = "<group>";
		};
/* End PBXGroup section */

/* Begin PBXNativeTarget section */
		631765BF227B510000F98D41 /* MyPlaces */ = {
			isa = PBXNativeTarget;
			buildConfigurationList = 631765D2227B510100F98D41 /* Build configuration list for PBXNativeTarget "MyPlaces" */;
			buildPhases = (
				8D519BA2826BAF44C58CC49A /* [CP] Check Pods Manifest.lock */,
				631765BC227B510000F98D41 /* Sources */,
				631765BD227B510000F98D41 /* Frameworks */,
				631765BE227B510000F98D41 /* Resources */,
				C7AB98223773EF26BE346D2F /* [CP] Embed Pods Frameworks */,
			);
			buildRules = (
			);
			dependencies = (
			);
			name = MyPlaces;
			productName = MyPlaces;
			productReference = 631765C0227B510000F98D41 /* MyPlaces.app */;
			productType = "com.apple.product-type.application";
		};
/* End PBXNativeTarget section */

/* Begin PBXProject section */
		631765B8227B510000F98D41 /* Project object */ = {
			isa = PBXProject;
			attributes = {
				LastSwiftUpdateCheck = 1020;
				LastUpgradeCheck = 1020;
				ORGANIZATIONNAME = "Давид";
				TargetAttributes = {
					631765BF227B510000F98D41 = {
						CreatedOnToolsVersion = 10.2.1;
					};
				};
			};
			buildConfigurationList = 631765BB227B510000F98D41 /* Build configuration list for PBXProject "MyPlaces" */;
			compatibilityVersion = "Xcode 9.3";
			developmentRegion = en;
			hasScannedForEncodings = 0;
			knownRegions = (
				en,
				Base,
			);
			mainGroup = 631765B7227B510000F98D41;
			productRefGroup = 631765C1227B510000F98D41 /* Products */;
			projectDirPath = "";
			projectRoot = "";
			targets = (
				631765BF227B510000F98D41 /* MyPlaces */,
			);
		};
/* End PBXProject section */

/* Begin PBXResourcesBuildPhase section */
		631765BE227B510000F98D41 /* Resources */ = {
			isa = PBXResourcesBuildPhase;
			buildActionMask = 2147483647;
			files = (
				631765CE227B510100F98D41 /* LaunchScreen.storyboard in Resources */,
				631765CB227B510100F98D41 /* Assets.xcassets in Resources */,
				631765C9227B510000F98D41 /* Main.storyboard in Resources */,
			);
			runOnlyForDeploymentPostprocessing = 0;
		};
/* End PBXResourcesBuildPhase section */

/* Begin PBXShellScriptBuildPhase section */
		8D519BA2826BAF44C58CC49A /* [CP] Check Pods Manifest.lock */ = {
			isa = PBXShellScriptBuildPhase;
			buildActionMask = 2147483647;
			files = (
			);
			inputFileListPaths = (
			);
			inputPaths = (
				"${PODS_PODFILE_DIR_PATH}/Podfile.lock",
				"${PODS_ROOT}/Manifest.lock",
			);
			name = "[CP] Check Pods Manifest.lock";
			outputFileListPaths = (
			);
			outputPaths = (
				"$(DERIVED_FILE_DIR)/Pods-MyPlaces-checkManifestLockResult.txt",
			);
			runOnlyForDeploymentPostprocessing = 0;
			shellPath = /bin/sh;
			shellScript = "diff \"${PODS_PODFILE_DIR_PATH}/Podfile.lock\" \"${PODS_ROOT}/Manifest.lock\" > /dev/null\nif [ $? != 0 ] ; then\n    # print error to STDERR\n    echo \"error: The sandbox is not in sync with the Podfile.lock. Run 'pod install' or update your CocoaPods installation.\" >&2\n    exit 1\nfi\n# This output is used by Xcode 'outputs' to avoid re-running this script phase.\necho \"SUCCESS\" > \"${SCRIPT_OUTPUT_FILE_0}\"\n";
			showEnvVarsInLog = 0;
		};
		C7AB98223773EF26BE346D2F /* [CP] Embed Pods Frameworks */ = {
			isa = PBXShellScriptBuildPhase;
			buildActionMask = 2147483647;
			files = (
			);
			inputFileListPaths = (
			);
			inputPaths = (
				"${SRCROOT}/Pods/Target Support Files/Pods-MyPlaces/Pods-MyPlaces-frameworks.sh",
				"${BUILT_PRODUCTS_DIR}/Cosmos/Cosmos.framework",
				"${BUILT_PRODUCTS_DIR}/Realm/Realm.framework",
				"${BUILT_PRODUCTS_DIR}/RealmSwift/RealmSwift.framework",
			);
			name = "[CP] Embed Pods Frameworks";
			outputFileListPaths = (
			);
			outputPaths = (
				"${TARGET_BUILD_DIR}/${FRAMEWORKS_FOLDER_PATH}/Cosmos.framework",
				"${TARGET_BUILD_DIR}/${FRAMEWORKS_FOLDER_PATH}/Realm.framework",
				"${TARGET_BUILD_DIR}/${FRAMEWORKS_FOLDER_PATH}/RealmSwift.framework",
			);
			runOnlyForDeploymentPostprocessing = 0;
			shellPath = /bin/sh;
			shellScript = "\"${SRCROOT}/Pods/Target Support Files/Pods-MyPlaces/Pods-MyPlaces-frameworks.sh\"\n";
			showEnvVarsInLog = 0;
		};
/* End PBXShellScriptBuildPhase section */

/* Begin PBXSourcesBuildPhase section */
		631765BC227B510000F98D41 /* Sources */ = {
			isa = PBXSourcesBuildPhase;
			buildActionMask = 2147483647;
			files = (
				631765E3227F34DE00F98D41 /* RatingControl.swift in Sources */,
				631765D8227DD9BD00F98D41 /* CustomTableViewCell.swift in Sources */,
				631765DA227DDD6A00F98D41 /* PlaceModel.swift in Sources */,
				631765DC227E01C600F98D41 /* NewPlaceViewController.swift in Sources */,
				631765EB22836B9B00F98D41 /* MapManager.swift in Sources */,
				631765E1227E283B00F98D41 /* StorageManager.swift in Sources */,
				631765C4227B510000F98D41 /* AppDelegate.swift in Sources */,
				631765D6227B59AB00F98D41 /* MainViewController.swift in Sources */,
				631765E9227F916A00F98D41 /* MapViewController.swift in Sources */,
			);
			runOnlyForDeploymentPostprocessing = 0;
		};
/* End PBXSourcesBuildPhase section */

/* Begin PBXVariantGroup section */
		631765C7227B510000F98D41 /* Main.storyboard */ = {
			isa = PBXVariantGroup;
			children = (
				631765C8227B510000F98D41 /* Base */,
			);
			name = Main.storyboard;
			sourceTree = "<group>";
		};
		631765CC227B510100F98D41 /* LaunchScreen.storyboard */ = {
			isa = PBXVariantGroup;
			children = (
				631765CD227B510100F98D41 /* Base */,
			);
			name = LaunchScreen.storyboard;
			sourceTree = "<group>";
		};
/* End PBXVariantGroup section */

/* Begin XCBuildConfiguration section */
		631765D0227B510100F98D41 /* Debug */ = {
			isa = XCBuildConfiguration;
			buildSettings = {
				ALWAYS_SEARCH_USER_PATHS = NO;
				CLANG_ANALYZER_NONNULL = YES;
				CLANG_ANALYZER_NUMBER_OBJECT_CONVERSION = YES_AGGRESSIVE;
				CLANG_CXX_LANGUAGE_STANDARD = "gnu++14";
				CLANG_CXX_LIBRARY = "libc++";
				CLANG_ENABLE_MODULES = YES;
				CLANG_ENABLE_OBJC_ARC = YES;
				CLANG_ENABLE_OBJC_WEAK = YES;
				CLANG_WARN_BLOCK_CAPTURE_AUTORELEASING = YES;
				CLANG_WARN_BOOL_CONVERSION = YES;
				CLANG_WARN_COMMA = YES;
				CLANG_WARN_CONSTANT_CONVERSION = YES;
				CLANG_WARN_DEPRECATED_OBJC_IMPLEMENTATIONS = YES;
				CLANG_WARN_DIRECT_OBJC_ISA_USAGE = YES_ERROR;
				CLANG_WARN_DOCUMENTATION_COMMENTS = YES;
				CLANG_WARN_EMPTY_BODY = YES;
				CLANG_WARN_ENUM_CONVERSION = YES;
				CLANG_WARN_INFINITE_RECURSION = YES;
				CLANG_WARN_INT_CONVERSION = YES;
				CLANG_WARN_NON_LITERAL_NULL_CONVERSION = YES;
				CLANG_WARN_OBJC_IMPLICIT_RETAIN_SELF = YES;
				CLANG_WARN_OBJC_LITERAL_CONVERSION = YES;
				CLANG_WARN_OBJC_ROOT_CLASS = YES_ERROR;
				CLANG_WARN_RANGE_LOOP_ANALYSIS = YES;
				CLANG_WARN_STRICT_PROTOTYPES = YES;
				CLANG_WARN_SUSPICIOUS_MOVE = YES;
				CLANG_WARN_UNGUARDED_AVAILABILITY = YES_AGGRESSIVE;
				CLANG_WARN_UNREACHABLE_CODE = YES;
				CLANG_WARN__DUPLICATE_METHOD_MATCH = YES;
				CODE_SIGN_IDENTITY = "iPhone Developer";
				COPY_PHASE_STRIP = NO;
				DEBUG_INFORMATION_FORMAT = dwarf;
				ENABLE_STRICT_OBJC_MSGSEND = YES;
				ENABLE_TESTABILITY = YES;
				GCC_C_LANGUAGE_STANDARD = gnu11;
				GCC_DYNAMIC_NO_PIC = NO;
				GCC_NO_COMMON_BLOCKS = YES;
				GCC_OPTIMIZATION_LEVEL = 0;
				GCC_PREPROCESSOR_DEFINITIONS = (
					"DEBUG=1",
					"$(inherited)",
				);
				GCC_WARN_64_TO_32_BIT_CONVERSION = YES;
				GCC_WARN_ABOUT_RETURN_TYPE = YES_ERROR;
				GCC_WARN_UNDECLARED_SELECTOR = YES;
				GCC_WARN_UNINITIALIZED_AUTOS = YES_AGGRESSIVE;
				GCC_WARN_UNUSED_FUNCTION = YES;
				GCC_WARN_UNUSED_VARIABLE = YES;
				IPHONEOS_DEPLOYMENT_TARGET = 12.2;
				MTL_ENABLE_DEBUG_INFO = INCLUDE_SOURCE;
				MTL_FAST_MATH = YES;
				ONLY_ACTIVE_ARCH = YES;
				SDKROOT = iphoneos;
				SWIFT_ACTIVE_COMPILATION_CONDITIONS = DEBUG;
				SWIFT_OPTIMIZATION_LEVEL = "-Onone";
			};
			name = Debug;
		};
		631765D1227B510100F98D41 /* Release */ = {
			isa = XCBuildConfiguration;
			buildSettings = {
				ALWAYS_SEARCH_USER_PATHS = NO;
				CLANG_ANALYZER_NONNULL = YES;
				CLANG_ANALYZER_NUMBER_OBJECT_CONVERSION = YES_AGGRESSIVE;
				CLANG_CXX_LANGUAGE_STANDARD = "gnu++14";
				CLANG_CXX_LIBRARY = "libc++";
				CLANG_ENABLE_MODULES = YES;
				CLANG_ENABLE_OBJC_ARC = YES;
				CLANG_ENABLE_OBJC_WEAK = YES;
				CLANG_WARN_BLOCK_CAPTURE_AUTORELEASING = YES;
				CLANG_WARN_BOOL_CONVERSION = YES;
				CLANG_WARN_COMMA = YES;
				CLANG_WARN_CONSTANT_CONVERSION = YES;
				CLANG_WARN_DEPRECATED_OBJC_IMPLEMENTATIONS = YES;
				CLANG_WARN_DIRECT_OBJC_ISA_USAGE = YES_ERROR;
				CLANG_WARN_DOCUMENTATION_COMMENTS = YES;
				CLANG_WARN_EMPTY_BODY = YES;
				CLANG_WARN_ENUM_CONVERSION = YES;
				CLANG_WARN_INFINITE_RECURSION = YES;
				CLANG_WARN_INT_CONVERSION = YES;
				CLANG_WARN_NON_LITERAL_NULL_CONVERSION = YES;
				CLANG_WARN_OBJC_IMPLICIT_RETAIN_SELF = YES;
				CLANG_WARN_OBJC_LITERAL_CONVERSION = YES;
				CLANG_WARN_OBJC_ROOT_CLASS = YES_ERROR;
				CLANG_WARN_RANGE_LOOP_ANALYSIS = YES;
				CLANG_WARN_STRICT_PROTOTYPES = YES;
				CLANG_WARN_SUSPICIOUS_MOVE = YES;
				CLANG_WARN_UNGUARDED_AVAILABILITY = YES_AGGRESSIVE;
				CLANG_WARN_UNREACHABLE_CODE = YES;
				CLANG_WARN__DUPLICATE_METHOD_MATCH = YES;
				CODE_SIGN_IDENTITY = "iPhone Developer";
				COPY_PHASE_STRIP = NO;
				DEBUG_INFORMATION_FORMAT = "dwarf-with-dsym";
				ENABLE_NS_ASSERTIONS = NO;
				ENABLE_STRICT_OBJC_MSGSEND = YES;
				GCC_C_LANGUAGE_STANDARD = gnu11;
				GCC_NO_COMMON_BLOCKS = YES;
				GCC_WARN_64_TO_32_BIT_CONVERSION = YES;
				GCC_WARN_ABOUT_RETURN_TYPE = YES_ERROR;
				GCC_WARN_UNDECLARED_SELECTOR = YES;
				GCC_WARN_UNINITIALIZED_AUTOS = YES_AGGRESSIVE;
				GCC_WARN_UNUSED_FUNCTION = YES;
				GCC_WARN_UNUSED_VARIABLE = YES;
				IPHONEOS_DEPLOYMENT_TARGET = 12.2;
				MTL_ENABLE_DEBUG_INFO = NO;
				MTL_FAST_MATH = YES;
				SDKROOT = iphoneos;
				SWIFT_COMPILATION_MODE = wholemodule;
				SWIFT_OPTIMIZATION_LEVEL = "-O";
				VALIDATE_PRODUCT = YES;
			};
			name = Release;
		};
		631765D3227B510100F98D41 /* Debug */ = {
			isa = XCBuildConfiguration;
			baseConfigurationReference = 01D3D457C0083D62CB0E1421 /* Pods-MyPlaces.debug.xcconfig */;
			buildSettings = {
				ASSETCATALOG_COMPILER_APPICON_NAME = AppIcon;
				CODE_SIGN_STYLE = Automatic;
				DEVELOPMENT_TEAM = HK3JCX6MNH;
				INFOPLIST_FILE = MyPlaces/Info.plist;
				LD_RUNPATH_SEARCH_PATHS = (
					"$(inherited)",
					"@executable_path/Frameworks",
				);
				PRODUCT_BUNDLE_IDENTIFIER = david.MyPlaces;
				PRODUCT_NAME = "$(TARGET_NAME)";
				SWIFT_VERSION = 5.0;
				TARGETED_DEVICE_FAMILY = "1,2";
			};
			name = Debug;
		};
		631765D4227B510100F98D41 /* Release */ = {
			isa = XCBuildConfiguration;
			baseConfigurationReference = 84ABBA9ECEB1C49821A9DFCA /* Pods-MyPlaces.release.xcconfig */;
			buildSettings = {
				ASSETCATALOG_COMPILER_APPICON_NAME = AppIcon;
				CODE_SIGN_STYLE = Automatic;
				DEVELOPMENT_TEAM = HK3JCX6MNH;
				INFOPLIST_FILE = MyPlaces/Info.plist;
				LD_RUNPATH_SEARCH_PATHS = (
					"$(inherited)",
					"@executable_path/Frameworks",
				);
				PRODUCT_BUNDLE_IDENTIFIER = david.MyPlaces;
				PRODUCT_NAME = "$(TARGET_NAME)";
				SWIFT_VERSION = 5.0;
				TARGETED_DEVICE_FAMILY = "1,2";
			};
			name = Release;
		};
/* End XCBuildConfiguration section */

/* Begin XCConfigurationList section */
		631765BB227B510000F98D41 /* Build configuration list for PBXProject "MyPlaces" */ = {
			isa = XCConfigurationList;
			buildConfigurations = (
				631765D0227B510100F98D41 /* Debug */,
				631765D1227B510100F98D41 /* Release */,
			);
			defaultConfigurationIsVisible = 0;
			defaultConfigurationName = Release;
		};
		631765D2227B510100F98D41 /* Build configuration list for PBXNativeTarget "MyPlaces" */ = {
			isa = XCConfigurationList;
			buildConfigurations = (
				631765D3227B510100F98D41 /* Debug */,
				631765D4227B510100F98D41 /* Release */,
			);
			defaultConfigurationIsVisible = 0;
			defaultConfigurationName = Release;
		};
/* End XCConfigurationList section */
	};
	rootObject = 631765B8227B510000F98D41 /* Project object */;
}
